// !$*UTF8*$!
{
	archiveVersion = 1;
	classes = {
	};
	objectVersion = 50;
	objects = {

/* Begin PBXBuildFile section */
		446BA4B223719D54000EE3A9 /* AppDelegate.swift in Sources */ = {isa = PBXBuildFile; fileRef = 446BA4B123719D54000EE3A9 /* AppDelegate.swift */; };
		446BA4B423719D54000EE3A9 /* SceneDelegate.swift in Sources */ = {isa = PBXBuildFile; fileRef = 446BA4B323719D54000EE3A9 /* SceneDelegate.swift */; };
		446BA4B623719D54000EE3A9 /* ContentView.swift in Sources */ = {isa = PBXBuildFile; fileRef = 446BA4B523719D54000EE3A9 /* ContentView.swift */; };
		446BA4B823719D56000EE3A9 /* Assets.xcassets in Resources */ = {isa = PBXBuildFile; fileRef = 446BA4B723719D56000EE3A9 /* Assets.xcassets */; };
		446BA4BB23719D56000EE3A9 /* Preview Assets.xcassets in Resources */ = {isa = PBXBuildFile; fileRef = 446BA4BA23719D56000EE3A9 /* Preview Assets.xcassets */; };
		446BA4BE23719D56000EE3A9 /* LaunchScreen.storyboard in Resources */ = {isa = PBXBuildFile; fileRef = 446BA4BC23719D56000EE3A9 /* LaunchScreen.storyboard */; };
/* End PBXBuildFile section */

/* Begin PBXFileReference section */
		446BA4AE23719D54000EE3A9 /* GuessTheFlagFinalProject.app */ = {isa = PBXFileReference; explicitFileType = wrapper.application; includeInIndex = 0; path = GuessTheFlagFinalProject.app; sourceTree = BUILT_PRODUCTS_DIR; };
		446BA4B123719D54000EE3A9 /* AppDelegate.swift */ = {isa = PBXFileReference; lastKnownFileType = sourcecode.swift; path = AppDelegate.swift; sourceTree = "<group>"; };
		446BA4B323719D54000EE3A9 /* SceneDelegate.swift */ = {isa = PBXFileReference; lastKnownFileType = sourcecode.swift; path = SceneDelegate.swift; sourceTree = "<group>"; };
		446BA4B523719D54000EE3A9 /* ContentView.swift */ = {isa = PBXFileReference; lastKnownFileType = sourcecode.swift; path = ContentView.swift; sourceTree = "<group>"; };
		446BA4B723719D56000EE3A9 /* Assets.xcassets */ = {isa = PBXFileReference; lastKnownFileType = folder.assetcatalog; path = Assets.xcassets; sourceTree = "<group>"; };
		446BA4BA23719D56000EE3A9 /* Preview Assets.xcassets */ = {isa = PBXFileReference; lastKnownFileType = folder.assetcatalog; path = "Preview Assets.xcassets"; sourceTree = "<group>"; };
		446BA4BD23719D56000EE3A9 /* Base */ = {isa = PBXFileReference; lastKnownFileType = file.storyboard; name = Base; path = Base.lproj/LaunchScreen.storyboard; sourceTree = "<group>"; };
		446BA4BF23719D57000EE3A9 /* Info.plist */ = {isa = PBXFileReference; lastKnownFileType = text.plist.xml; path = Info.plist; sourceTree = "<group>"; };
/* End PBXFileReference section */

/* Begin PBXFrameworksBuildPhase section */
		446BA4AB23719D54000EE3A9 /* Frameworks */ = {
			isa = PBXFrameworksBuildPhase;
			buildActionMask = 2147483647;
			files = (
			);
			runOnlyForDeploymentPostprocessing = 0;
		};
/* End PBXFrameworksBuildPhase section */

/* Begin PBXGroup section */
		446BA4A523719D54000EE3A9 = {
			isa = PBXGroup;
			children = (
				446BA4B023719D54000EE3A9 /* GuessTheFlagFinalProject */,
				446BA4AF23719D54000EE3A9 /* Products */,
			);
			sourceTree = "<group>";
		};
		446BA4AF23719D54000EE3A9 /* Products */ = {
			isa = PBXGroup;
			children = (
				446BA4AE23719D54000EE3A9 /* GuessTheFlagFinalProject.app */,
			);
			name = Products;
			sourceTree = "<group>";
		};
		446BA4B023719D54000EE3A9 /* GuessTheFlagFinalProject */ = {
			isa = PBXGroup;
			children = (
				446BA4B123719D54000EE3A9 /* AppDelegate.swift */,
				446BA4B323719D54000EE3A9 /* SceneDelegate.swift */,
				446BA4B523719D54000EE3A9 /* ContentView.swift */,
				446BA4B723719D56000EE3A9 /* Assets.xcassets */,
				446BA4BC23719D56000EE3A9 /* LaunchScreen.storyboard */,
				446BA4BF23719D57000EE3A9 /* Info.plist */,
				446BA4B923719D56000EE3A9 /* Preview Content */,
			);
			path = GuessTheFlagFinalProject;
			sourceTree = "<group>";
		};
		446BA4B923719D56000EE3A9 /* Preview Content */ = {
			isa = PBXGroup;
			children = (
				446BA4BA23719D56000EE3A9 /* Preview Assets.xcassets */,
			);
			path = "Preview Content";
			sourceTree = "<group>";
		};
/* End PBXGroup section */

/* Begin PBXNativeTarget section */
		446BA4AD23719D54000EE3A9 /* GuessTheFlagFinalProject */ = {
			isa = PBXNativeTarget;
			buildConfigurationList = 446BA4C223719D57000EE3A9 /* Build configuration list for PBXNativeTarget "GuessTheFlagFinalProject" */;
			buildPhases = (
				446BA4AA23719D54000EE3A9 /* Sources */,
				446BA4AB23719D54000EE3A9 /* Frameworks */,
				446BA4AC23719D54000EE3A9 /* Resources */,
			);
			buildRules = (
			);
			dependencies = (
			);
			name = GuessTheFlagFinalProject;
			productName = GuessTheFlagFinalProject;
			productReference = 446BA4AE23719D54000EE3A9 /* GuessTheFlagFinalProject.app */;
			productType = "com.apple.product-type.application";
		};
/* End PBXNativeTarget section */

/* Begin PBXProject section */
		446BA4A623719D54000EE3A9 /* Project object */ = {
			isa = PBXProject;
			attributes = {
				LastSwiftUpdateCheck = 1110;
				LastUpgradeCheck = 1110;
				ORGANIZATIONNAME = "-";
				TargetAttributes = {
					446BA4AD23719D54000EE3A9 = {
						CreatedOnToolsVersion = 11.1;
					};
				};
			};
			buildConfigurationList = 446BA4A923719D54000EE3A9 /* Build configuration list for PBXProject "GuessTheFlagFinalProject" */;
			compatibilityVersion = "Xcode 9.3";
			developmentRegion = en;
			hasScannedForEncodings = 0;
			knownRegions = (
				en,
				Base,
			);
			mainGroup = 446BA4A523719D54000EE3A9;
			productRefGroup = 446BA4AF23719D54000EE3A9 /* Products */;
			projectDirPath = "";
			projectRoot = "";
			targets = (
				446BA4AD23719D54000EE3A9 /* GuessTheFlagFinalProject */,
			);
		};
/* End PBXProject section */

/* Begin PBXResourcesBuildPhase section */
		446BA4AC23719D54000EE3A9 /* Resources */ = {
			isa = PBXResourcesBuildPhase;
			buildActionMask = 2147483647;
			files = (
				446BA4BE23719D56000EE3A9 /* LaunchScreen.storyboard in Resources */,
				446BA4BB23719D56000EE3A9 /* Preview Assets.xcassets in Resources */,
				446BA4B823719D56000EE3A9 /* Assets.xcassets in Resources */,
			);
			runOnlyForDeploymentPostprocessing = 0;
		};
/* End PBXResourcesBuildPhase section */

/* Begin PBXSourcesBuildPhase section */
		446BA4AA23719D54000EE3A9 /* Sources */ = {
			isa = PBXSourcesBuildPhase;
			buildActionMask = 2147483647;
			files = (
				446BA4B223719D54000EE3A9 /* AppDelegate.swift in Sources */,
				446BA4B423719D54000EE3A9 /* SceneDelegate.swift in Sources */,
				446BA4B623719D54000EE3A9 /* ContentView.swift in Sources */,
			);
			runOnlyForDeploymentPostprocessing = 0;
		};
/* End PBXSourcesBuildPhase section */

/* Begin PBXVariantGroup section */
		446BA4BC23719D56000EE3A9 /* LaunchScreen.storyboard */ = {
			isa = PBXVariantGroup;
			children = (
				446BA4BD23719D56000EE3A9 /* Base */,
			);
			name = LaunchScreen.storyboard;
			sourceTree = "<group>";
		};
/* End PBXVariantGroup section */

/* Begin XCBuildConfiguration section */
		446BA4C023719D57000EE3A9 /* Debug */ = {
			isa = XCBuildConfiguration;
			buildSettings = {
				ALWAYS_SEARCH_USER_PATHS = NO;
				CLANG_ANALYZER_NONNULL = YES;
				CLANG_ANALYZER_NUMBER_OBJECT_CONVERSION = YES_AGGRESSIVE;
				CLANG_CXX_LANGUAGE_STANDARD = "gnu++14";
				CLANG_CXX_LIBRARY = "libc++";
				CLANG_ENABLE_MODULES = YES;
				CLANG_ENABLE_OBJC_ARC = YES;
				CLANG_ENABLE_OBJC_WEAK = YES;
				CLANG_WARN_BLOCK_CAPTURE_AUTORELEASING = YES;
				CLANG_WARN_BOOL_CONVERSION = YES;
				CLANG_WARN_COMMA = YES;
				CLANG_WARN_CONSTANT_CONVERSION = YES;
				CLANG_WARN_DEPRECATED_OBJC_IMPLEMENTATIONS = YES;
				CLANG_WARN_DIRECT_OBJC_ISA_USAGE = YES_ERROR;
				CLANG_WARN_DOCUMENTATION_COMMENTS = YES;
				CLANG_WARN_EMPTY_BODY = YES;
				CLANG_WARN_ENUM_CONVERSION = YES;
				CLANG_WARN_INFINITE_RECURSION = YES;
				CLANG_WARN_INT_CONVERSION = YES;
				CLANG_WARN_NON_LITERAL_NULL_CONVERSION = YES;
				CLANG_WARN_OBJC_IMPLICIT_RETAIN_SELF = YES;
				CLANG_WARN_OBJC_LITERAL_CONVERSION = YES;
				CLANG_WARN_OBJC_ROOT_CLASS = YES_ERROR;
				CLANG_WARN_RANGE_LOOP_ANALYSIS = YES;
				CLANG_WARN_STRICT_PROTOTYPES = YES;
				CLANG_WARN_SUSPICIOUS_MOVE = YES;
				CLANG_WARN_UNGUARDED_AVAILABILITY = YES_AGGRESSIVE;
				CLANG_WARN_UNREACHABLE_CODE = YES;
				CLANG_WARN__DUPLICATE_METHOD_MATCH = YES;
				COPY_PHASE_STRIP = NO;
				DEBUG_INFORMATION_FORMAT = dwarf;
				ENABLE_STRICT_OBJC_MSGSEND = YES;
				ENABLE_TESTABILITY = YES;
				GCC_C_LANGUAGE_STANDARD = gnu11;
				GCC_DYNAMIC_NO_PIC = NO;
				GCC_NO_COMMON_BLOCKS = YES;
				GCC_OPTIMIZATION_LEVEL = 0;
				GCC_PREPROCESSOR_DEFINITIONS = (
					"DEBUG=1",
					"$(inherited)",
				);
				GCC_WARN_64_TO_32_BIT_CONVERSION = YES;
				GCC_WARN_ABOUT_RETURN_TYPE = YES_ERROR;
				GCC_WARN_UNDECLARED_SELECTOR = YES;
				GCC_WARN_UNINITIALIZED_AUTOS = YES_AGGRESSIVE;
				GCC_WARN_UNUSED_FUNCTION = YES;
				GCC_WARN_UNUSED_VARIABLE = YES;
				IPHONEOS_DEPLOYMENT_TARGET = 13.1;
				MTL_ENABLE_DEBUG_INFO = INCLUDE_SOURCE;
				MTL_FAST_MATH = YES;
				ONLY_ACTIVE_ARCH = YES;
				SDKROOT = iphoneos;
				SWIFT_ACTIVE_COMPILATION_CONDITIONS = DEBUG;
				SWIFT_OPTIMIZATION_LEVEL = "-Onone";
			};
			name = Debug;
		};
		446BA4C123719D57000EE3A9 /* Release */ = {
			isa = XCBuildConfiguration;
			buildSettings = {
				ALWAYS_SEARCH_USER_PATHS = NO;
				CLANG_ANALYZER_NONNULL = YES;
				CLANG_ANALYZER_NUMBER_OBJECT_CONVERSION = YES_AGGRESSIVE;
				CLANG_CXX_LANGUAGE_STANDARD = "gnu++14";
				CLANG_CXX_LIBRARY = "libc++";
				CLANG_ENABLE_MODULES = YES;
				CLANG_ENABLE_OBJC_ARC = YES;
				CLANG_ENABLE_OBJC_WEAK = YES;
				CLANG_WARN_BLOCK_CAPTURE_AUTORELEASING = YES;
				CLANG_WARN_BOOL_CONVERSION = YES;
				CLANG_WARN_COMMA = YES;
				CLANG_WARN_CONSTANT_CONVERSION = YES;
				CLANG_WARN_DEPRECATED_OBJC_IMPLEMENTATIONS = YES;
				CLANG_WARN_DIRECT_OBJC_ISA_USAGE = YES_ERROR;
				CLANG_WARN_DOCUMENTATION_COMMENTS = YES;
				CLANG_WARN_EMPTY_BODY = YES;
				CLANG_WARN_ENUM_CONVERSION = YES;
				CLANG_WARN_INFINITE_RECURSION = YES;
				CLANG_WARN_INT_CONVERSION = YES;
				CLANG_WARN_NON_LITERAL_NULL_CONVERSION = YES;
				CLANG_WARN_OBJC_IMPLICIT_RETAIN_SELF = YES;
				CLANG_WARN_OBJC_LITERAL_CONVERSION = YES;
				CLANG_WARN_OBJC_ROOT_CLASS = YES_ERROR;
				CLANG_WARN_RANGE_LOOP_ANALYSIS = YES;
				CLANG_WARN_STRICT_PROTOTYPES = YES;
				CLANG_WARN_SUSPICIOUS_MOVE = YES;
				CLANG_WARN_UNGUARDED_AVAILABILITY = YES_AGGRESSIVE;
				CLANG_WARN_UNREACHABLE_CODE = YES;
				CLANG_WARN__DUPLICATE_METHOD_MATCH = YES;
				COPY_PHASE_STRIP = NO;
				DEBUG_INFORMATION_FORMAT = "dwarf-with-dsym";
				ENABLE_NS_ASSERTIONS = NO;
				ENABLE_STRICT_OBJC_MSGSEND = YES;
				GCC_C_LANGUAGE_STANDARD = gnu11;
				GCC_NO_COMMON_BLOCKS = YES;
				GCC_WARN_64_TO_32_BIT_CONVERSION = YES;
				GCC_WARN_ABOUT_RETURN_TYPE = YES_ERROR;
				GCC_WARN_UNDECLARED_SELECTOR = YES;
				GCC_WARN_UNINITIALIZED_AUTOS = YES_AGGRESSIVE;
				GCC_WARN_UNUSED_FUNCTION = YES;
				GCC_WARN_UNUSED_VARIABLE = YES;
				IPHONEOS_DEPLOYMENT_TARGET = 13.1;
				MTL_ENABLE_DEBUG_INFO = NO;
				MTL_FAST_MATH = YES;
				SDKROOT = iphoneos;
				SWIFT_COMPILATION_MODE = wholemodule;
				SWIFT_OPTIMIZATION_LEVEL = "-O";
				VALIDATE_PRODUCT = YES;
			};
			name = Release;
		};
		446BA4C323719D57000EE3A9 /* Debug */ = {
			isa = XCBuildConfiguration;
			buildSettings = {
				ASSETCATALOG_COMPILER_APPICON_NAME = AppIcon;
				CODE_SIGN_STYLE = Automatic;
				DEVELOPMENT_ASSET_PATHS = "\"GuessTheFlagFinalProject/Preview Content\"";
				DEVELOPMENT_TEAM = HHH82ZC2NC;
				ENABLE_PREVIEWS = YES;
				INFOPLIST_FILE = GuessTheFlagFinalProject/Info.plist;
				LD_RUNPATH_SEARCH_PATHS = (
					"$(inherited)",
					"@executable_path/Frameworks",
				);
				PRODUCT_BUNDLE_IDENTIFIER = com.dherreroj.GuessTheFlagFinalProject;
				PRODUCT_NAME = "$(TARGET_NAME)";
				SWIFT_VERSION = 5.0;
				TARGETED_DEVICE_FAMILY = "1,2";
			};
			name = Debug;
		};
		446BA4C423719D57000EE3A9 /* Release */ = {
			isa = XCBuildConfiguration;
			buildSettings = {
				ASSETCATALOG_COMPILER_APPICON_NAME = AppIcon;
				CODE_SIGN_STYLE = Automatic;
				DEVELOPMENT_ASSET_PATHS = "\"GuessTheFlagFinalProject/Preview Content\"";
				DEVELOPMENT_TEAM = HHH82ZC2NC;
				ENABLE_PREVIEWS = YES;
				INFOPLIST_FILE = GuessTheFlagFinalProject/Info.plist;
				LD_RUNPATH_SEARCH_PATHS = (
					"$(inherited)",
					"@executable_path/Frameworks",
				);
				PRODUCT_BUNDLE_IDENTIFIER = com.dherreroj.GuessTheFlagFinalProject;
				PRODUCT_NAME = "$(TARGET_NAME)";
				SWIFT_VERSION = 5.0;
				TARGETED_DEVICE_FAMILY = "1,2";
			};
			name = Release;
		};
/* End XCBuildConfiguration section */

/* Begin XCConfigurationList section */
		446BA4A923719D54000EE3A9 /* Build configuration list for PBXProject "GuessTheFlagFinalProject" */ = {
			isa = XCConfigurationList;
			buildConfigurations = (
				446BA4C023719D57000EE3A9 /* Debug */,
				446BA4C123719D57000EE3A9 /* Release */,
			);
			defaultConfigurationIsVisible = 0;
			defaultConfigurationName = Release;
		};
		446BA4C223719D57000EE3A9 /* Build configuration list for PBXNativeTarget "GuessTheFlagFinalProject" */ = {
			isa = XCConfigurationList;
			buildConfigurations = (
				446BA4C323719D57000EE3A9 /* Debug */,
				446BA4C423719D57000EE3A9 /* Release */,
			);
			defaultConfigurationIsVisible = 0;
			defaultConfigurationName = Release;
		};
/* End XCConfigurationList section */
	};
	rootObject = 446BA4A623719D54000EE3A9 /* Project object */;
}
